
Microsoft Visual Studio Solution File, Format Version 12.00
# Visual Studio Version 16
VisualStudioVersion = 16.0.30413.136
MinimumVisualStudioVersion = 10.0.40219.1
Project("{FAE04EC0-301F-11D3-BF4B-00C04F79EFBC}") = "DataStructure", "DataStructure.csproj", "{10A0A937-AE23-4AEF-B026-823539810051}"
EndProject
Global
	GlobalSection(SolutionConfigurationPlatforms) = preSolution
		Debug|Any CPU = Debug|Any CPU
		Release|Any CPU = Release|Any CPU
	EndGlobalSection
	GlobalSection(ProjectConfigurationPlatforms) = postSolution
		{10A0A937-AE23-4AEF-B026-823539810051}.Debug|Any CPU.ActiveCfg = Debug|Any CPU
		{10A0A937-AE23-4AEF-B026-823539810051}.Debug|Any CPU.Build.0 = Debug|Any CPU
		{10A0A937-AE23-4AEF-B026-823539810051}.Release|Any CPU.ActiveCfg = Release|Any CPU
		{10A0A937-AE23-4AEF-B026-823539810051}.Release|Any CPU.Build.0 = Release|Any CPU
	EndGlobalSection
	GlobalSection(SolutionProperties) = preSolution
		HideSolutionNode = FALSE
	EndGlobalSection
	GlobalSection(ExtensibilityGlobals) = postSolution
		SolutionGuid = {E0B28F1E-0B4E-4285-9F0D-5C809C9391DF}
	EndGlobalSection
EndGlobal
